
Microsoft Visual Studio Solution File, Format Version 12.00
# Visual Studio Version 16
VisualStudioVersion = 16.0.31410.357
MinimumVisualStudioVersion = 10.0.40219.1
Project("{FAE04EC0-301F-11D3-BF4B-00C04F79EFBC}") = "ValheimCharacterEditor", "ValheimCharacterEditor\ValheimCharacterEditor.csproj", "{D122043C-C8A1-4D11-A600-E211B9F424EC}"
EndProject
Global
	GlobalSection(SolutionConfigurationPlatforms) = preSolution
		Debug|Any CPU = Debug|Any CPU
		Release|Any CPU = Release|Any CPU
	EndGlobalSection
	GlobalSection(ProjectConfigurationPlatforms) = postSolution
		{D122043C-C8A1-4D11-A600-E211B9F424EC}.Debug|Any CPU.ActiveCfg = Debug|Any CPU
		{D122043C-C8A1-4D11-A600-E211B9F424EC}.Debug|Any CPU.Build.0 = Debug|Any CPU
		{D122043C-C8A1-4D11-A600-E211B9F424EC}.Release|Any CPU.ActiveCfg = Release|Any CPU
		{D122043C-C8A1-4D11-A600-E211B9F424EC}.Release|Any CPU.Build.0 = Release|Any CPU
	EndGlobalSection
	GlobalSection(SolutionProperties) = preSolution
		HideSolutionNode = FALSE
	EndGlobalSection
	GlobalSection(ExtensibilityGlobals) = postSolution
		SolutionGuid = {CE261D86-E850-4C04-ADEF-DD5E548E86A4}
	EndGlobalSection
EndGlobal
