
Microsoft Visual Studio Solution File, Format Version 12.00
# Visual Studio Version 16
VisualStudioVersion = 16.0.31424.327
MinimumVisualStudioVersion = 10.0.40219.1
Project("{FAE04EC0-301F-11D3-BF4B-00C04F79EFBC}") = "ValheimCharacterEditor", "ValheimCharacterEditor\ValheimCharacterEditor.csproj", "{565F5D6F-431F-4566-986C-3F61D6A551ED}"
EndProject
Global
	GlobalSection(SolutionConfigurationPlatforms) = preSolution
		Debug|Any CPU = Debug|Any CPU
		Release|Any CPU = Release|Any CPU
	EndGlobalSection
	GlobalSection(ProjectConfigurationPlatforms) = postSolution
		{565F5D6F-431F-4566-986C-3F61D6A551ED}.Debug|Any CPU.ActiveCfg = Debug|Any CPU
		{565F5D6F-431F-4566-986C-3F61D6A551ED}.Debug|Any CPU.Build.0 = Debug|Any CPU
		{565F5D6F-431F-4566-986C-3F61D6A551ED}.Release|Any CPU.ActiveCfg = Release|Any CPU
		{565F5D6F-431F-4566-986C-3F61D6A551ED}.Release|Any CPU.Build.0 = Release|Any CPU
	EndGlobalSection
	GlobalSection(SolutionProperties) = preSolution
		HideSolutionNode = FALSE
	EndGlobalSection
	GlobalSection(ExtensibilityGlobals) = postSolution
		SolutionGuid = {AA219C4A-DB6F-4E62-B579-CFB1226F1A2E}
	EndGlobalSection
EndGlobal
